
Microsoft Visual Studio Solution File, Format Version 12.00
# Visual Studio Version 17
VisualStudioVersion = 17.9.34701.34
MinimumVisualStudioVersion = 10.0.40219.1
Project("{FAE04EC0-301F-11D3-BF4B-00C04F79EFBC}") = "OnlineCourse", "OnlineCourse.csproj", "{94534AC8-08CC-418B-AFED-C9D7FCC7D32D}"
EndProject
Global
	GlobalSection(SolutionConfigurationPlatforms) = preSolution
		Debug|Any CPU = Debug|Any CPU
		Release|Any CPU = Release|Any CPU
	EndGlobalSection
	GlobalSection(ProjectConfigurationPlatforms) = postSolution
		{94534AC8-08CC-418B-AFED-C9D7FCC7D32D}.Debug|Any CPU.ActiveCfg = Debug|Any CPU
		{94534AC8-08CC-418B-AFED-C9D7FCC7D32D}.Debug|Any CPU.Build.0 = Debug|Any CPU
		{94534AC8-08CC-418B-AFED-C9D7FCC7D32D}.Release|Any CPU.ActiveCfg = Release|Any CPU
		{94534AC8-08CC-418B-AFED-C9D7FCC7D32D}.Release|Any CPU.Build.0 = Release|Any CPU
	EndGlobalSection
	GlobalSection(SolutionProperties) = preSolution
		HideSolutionNode = FALSE
	EndGlobalSection
	GlobalSection(ExtensibilityGlobals) = postSolution
		SolutionGuid = {285D7EC2-8103-4E78-8E5D-3E193095FDAB}
	EndGlobalSection
EndGlobal
